
Microsoft Visual Studio Solution File, Format Version 12.00
# Visual Studio Version 17
VisualStudioVersion = 17.7.34031.279
MinimumVisualStudioVersion = 10.0.40219.1
Project("{FAE04EC0-301F-11D3-BF4B-00C04F79EFBC}") = "MyProfileApp.Website", "MyProfileApp.Website\MyProfileApp.Website.csproj", "{1D8D5CC4-F706-4532-94D1-7084CBF2614A}"
EndProject
Global
	GlobalSection(SolutionConfigurationPlatforms) = preSolution
		Debug|Any CPU = Debug|Any CPU
		Release|Any CPU = Release|Any CPU
	EndGlobalSection
	GlobalSection(ProjectConfigurationPlatforms) = postSolution
		{1D8D5CC4-F706-4532-94D1-7084CBF2614A}.Debug|Any CPU.ActiveCfg = Debug|Any CPU
		{1D8D5CC4-F706-4532-94D1-7084CBF2614A}.Debug|Any CPU.Build.0 = Debug|Any CPU
		{1D8D5CC4-F706-4532-94D1-7084CBF2614A}.Release|Any CPU.ActiveCfg = Release|Any CPU
		{1D8D5CC4-F706-4532-94D1-7084CBF2614A}.Release|Any CPU.Build.0 = Release|Any CPU
	EndGlobalSection
	GlobalSection(SolutionProperties) = preSolution
		HideSolutionNode = FALSE
	EndGlobalSection
	GlobalSection(ExtensibilityGlobals) = postSolution
		SolutionGuid = {248D2068-AF9F-4B99-8207-8AA68101E4D7}
	EndGlobalSection
EndGlobal
